
Microsoft Visual Studio Solution File, Format Version 12.00
# Visual Studio 15
VisualStudioVersion = 15.0.26124.0
MinimumVisualStudioVersion = 15.0.26124.0
Project("{FAE04EC0-301F-11D3-BF4B-00C04F79EFBC}") = "webapi", "webapi\webapi.csproj", "{C4B4E92F-016B-4034-85DA-2742B5D9E362}"
EndProject
Project("{FAE04EC0-301F-11D3-BF4B-00C04F79EFBC}") = "WeatherMvc", "WeatherMvc\WeatherMvc.csproj", "{695B2387-6915-4388-BC2E-4C97F45B1C5D}"
EndProject
Global
	GlobalSection(SolutionConfigurationPlatforms) = preSolution
		Debug|Any CPU = Debug|Any CPU
		Debug|x64 = Debug|x64
		Debug|x86 = Debug|x86
		Release|Any CPU = Release|Any CPU
		Release|x64 = Release|x64
		Release|x86 = Release|x86
	EndGlobalSection
	GlobalSection(SolutionProperties) = preSolution
		HideSolutionNode = FALSE
	EndGlobalSection
	GlobalSection(ProjectConfigurationPlatforms) = postSolution
		{C4B4E92F-016B-4034-85DA-2742B5D9E362}.Debug|Any CPU.ActiveCfg = Debug|Any CPU
		{C4B4E92F-016B-4034-85DA-2742B5D9E362}.Debug|Any CPU.Build.0 = Debug|Any CPU
		{C4B4E92F-016B-4034-85DA-2742B5D9E362}.Debug|x64.ActiveCfg = Debug|Any CPU
		{C4B4E92F-016B-4034-85DA-2742B5D9E362}.Debug|x64.Build.0 = Debug|Any CPU
		{C4B4E92F-016B-4034-85DA-2742B5D9E362}.Debug|x86.ActiveCfg = Debug|Any CPU
		{C4B4E92F-016B-4034-85DA-2742B5D9E362}.Debug|x86.Build.0 = Debug|Any CPU
		{C4B4E92F-016B-4034-85DA-2742B5D9E362}.Release|Any CPU.ActiveCfg = Release|Any CPU
		{C4B4E92F-016B-4034-85DA-2742B5D9E362}.Release|Any CPU.Build.0 = Release|Any CPU
		{C4B4E92F-016B-4034-85DA-2742B5D9E362}.Release|x64.ActiveCfg = Release|Any CPU
		{C4B4E92F-016B-4034-85DA-2742B5D9E362}.Release|x64.Build.0 = Release|Any CPU
		{C4B4E92F-016B-4034-85DA-2742B5D9E362}.Release|x86.ActiveCfg = Release|Any CPU
		{C4B4E92F-016B-4034-85DA-2742B5D9E362}.Release|x86.Build.0 = Release|Any CPU
		{695B2387-6915-4388-BC2E-4C97F45B1C5D}.Debug|Any CPU.ActiveCfg = Debug|Any CPU
		{695B2387-6915-4388-BC2E-4C97F45B1C5D}.Debug|Any CPU.Build.0 = Debug|Any CPU
		{695B2387-6915-4388-BC2E-4C97F45B1C5D}.Debug|x64.ActiveCfg = Debug|Any CPU
		{695B2387-6915-4388-BC2E-4C97F45B1C5D}.Debug|x64.Build.0 = Debug|Any CPU
		{695B2387-6915-4388-BC2E-4C97F45B1C5D}.Debug|x86.ActiveCfg = Debug|Any CPU
		{695B2387-6915-4388-BC2E-4C97F45B1C5D}.Debug|x86.Build.0 = Debug|Any CPU
		{695B2387-6915-4388-BC2E-4C97F45B1C5D}.Release|Any CPU.ActiveCfg = Release|Any CPU
		{695B2387-6915-4388-BC2E-4C97F45B1C5D}.Release|Any CPU.Build.0 = Release|Any CPU
		{695B2387-6915-4388-BC2E-4C97F45B1C5D}.Release|x64.ActiveCfg = Release|Any CPU
		{695B2387-6915-4388-BC2E-4C97F45B1C5D}.Release|x64.Build.0 = Release|Any CPU
		{695B2387-6915-4388-BC2E-4C97F45B1C5D}.Release|x86.ActiveCfg = Release|Any CPU
		{695B2387-6915-4388-BC2E-4C97F45B1C5D}.Release|x86.Build.0 = Release|Any CPU
	EndGlobalSection
EndGlobal
