
Microsoft Visual Studio Solution File, Format Version 12.00
# Visual Studio 15
VisualStudioVersion = 15.0.26124.0
MinimumVisualStudioVersion = 15.0.26124.0
Project("{FAE04EC0-301F-11D3-BF4B-00C04F79EFBC}") = "IdS", "IdS\IdS.csproj", "{3DB49FCA-74D1-46DB-B892-8F98D6E7BAD9}"
EndProject
Project("{FAE04EC0-301F-11D3-BF4B-00C04F79EFBC}") = "IdSWithEF", "IdSWithEF\IdSWithEF.csproj", "{76DB99A6-840A-44DC-B1AD-8F85F3260A01}"
EndProject
Project("{FAE04EC0-301F-11D3-BF4B-00C04F79EFBC}") = "IdSWithIdentity", "IdSWithIdentity\IdSWithIdentity.csproj", "{AA3F565E-0BF3-4CDC-89F7-2598B3FA2758}"
EndProject
Global
	GlobalSection(SolutionConfigurationPlatforms) = preSolution
		Debug|Any CPU = Debug|Any CPU
		Debug|x64 = Debug|x64
		Debug|x86 = Debug|x86
		Release|Any CPU = Release|Any CPU
		Release|x64 = Release|x64
		Release|x86 = Release|x86
	EndGlobalSection
	GlobalSection(SolutionProperties) = preSolution
		HideSolutionNode = FALSE
	EndGlobalSection
	GlobalSection(ProjectConfigurationPlatforms) = postSolution
		{3DB49FCA-74D1-46DB-B892-8F98D6E7BAD9}.Debug|Any CPU.ActiveCfg = Debug|Any CPU
		{3DB49FCA-74D1-46DB-B892-8F98D6E7BAD9}.Debug|Any CPU.Build.0 = Debug|Any CPU
		{3DB49FCA-74D1-46DB-B892-8F98D6E7BAD9}.Debug|x64.ActiveCfg = Debug|Any CPU
		{3DB49FCA-74D1-46DB-B892-8F98D6E7BAD9}.Debug|x64.Build.0 = Debug|Any CPU
		{3DB49FCA-74D1-46DB-B892-8F98D6E7BAD9}.Debug|x86.ActiveCfg = Debug|Any CPU
		{3DB49FCA-74D1-46DB-B892-8F98D6E7BAD9}.Debug|x86.Build.0 = Debug|Any CPU
		{3DB49FCA-74D1-46DB-B892-8F98D6E7BAD9}.Release|Any CPU.ActiveCfg = Release|Any CPU
		{3DB49FCA-74D1-46DB-B892-8F98D6E7BAD9}.Release|Any CPU.Build.0 = Release|Any CPU
		{3DB49FCA-74D1-46DB-B892-8F98D6E7BAD9}.Release|x64.ActiveCfg = Release|Any CPU
		{3DB49FCA-74D1-46DB-B892-8F98D6E7BAD9}.Release|x64.Build.0 = Release|Any CPU
		{3DB49FCA-74D1-46DB-B892-8F98D6E7BAD9}.Release|x86.ActiveCfg = Release|Any CPU
		{3DB49FCA-74D1-46DB-B892-8F98D6E7BAD9}.Release|x86.Build.0 = Release|Any CPU
		{76DB99A6-840A-44DC-B1AD-8F85F3260A01}.Debug|Any CPU.ActiveCfg = Debug|Any CPU
		{76DB99A6-840A-44DC-B1AD-8F85F3260A01}.Debug|Any CPU.Build.0 = Debug|Any CPU
		{76DB99A6-840A-44DC-B1AD-8F85F3260A01}.Debug|x64.ActiveCfg = Debug|Any CPU
		{76DB99A6-840A-44DC-B1AD-8F85F3260A01}.Debug|x64.Build.0 = Debug|Any CPU
		{76DB99A6-840A-44DC-B1AD-8F85F3260A01}.Debug|x86.ActiveCfg = Debug|Any CPU
		{76DB99A6-840A-44DC-B1AD-8F85F3260A01}.Debug|x86.Build.0 = Debug|Any CPU
		{76DB99A6-840A-44DC-B1AD-8F85F3260A01}.Release|Any CPU.ActiveCfg = Release|Any CPU
		{76DB99A6-840A-44DC-B1AD-8F85F3260A01}.Release|Any CPU.Build.0 = Release|Any CPU
		{76DB99A6-840A-44DC-B1AD-8F85F3260A01}.Release|x64.ActiveCfg = Release|Any CPU
		{76DB99A6-840A-44DC-B1AD-8F85F3260A01}.Release|x64.Build.0 = Release|Any CPU
		{76DB99A6-840A-44DC-B1AD-8F85F3260A01}.Release|x86.ActiveCfg = Release|Any CPU
		{76DB99A6-840A-44DC-B1AD-8F85F3260A01}.Release|x86.Build.0 = Release|Any CPU
		{AA3F565E-0BF3-4CDC-89F7-2598B3FA2758}.Debug|Any CPU.ActiveCfg = Debug|Any CPU
		{AA3F565E-0BF3-4CDC-89F7-2598B3FA2758}.Debug|Any CPU.Build.0 = Debug|Any CPU
		{AA3F565E-0BF3-4CDC-89F7-2598B3FA2758}.Debug|x64.ActiveCfg = Debug|Any CPU
		{AA3F565E-0BF3-4CDC-89F7-2598B3FA2758}.Debug|x64.Build.0 = Debug|Any CPU
		{AA3F565E-0BF3-4CDC-89F7-2598B3FA2758}.Debug|x86.ActiveCfg = Debug|Any CPU
		{AA3F565E-0BF3-4CDC-89F7-2598B3FA2758}.Debug|x86.Build.0 = Debug|Any CPU
		{AA3F565E-0BF3-4CDC-89F7-2598B3FA2758}.Release|Any CPU.ActiveCfg = Release|Any CPU
		{AA3F565E-0BF3-4CDC-89F7-2598B3FA2758}.Release|Any CPU.Build.0 = Release|Any CPU
		{AA3F565E-0BF3-4CDC-89F7-2598B3FA2758}.Release|x64.ActiveCfg = Release|Any CPU
		{AA3F565E-0BF3-4CDC-89F7-2598B3FA2758}.Release|x64.Build.0 = Release|Any CPU
		{AA3F565E-0BF3-4CDC-89F7-2598B3FA2758}.Release|x86.ActiveCfg = Release|Any CPU
		{AA3F565E-0BF3-4CDC-89F7-2598B3FA2758}.Release|x86.Build.0 = Release|Any CPU
	EndGlobalSection
EndGlobal
